{
  "name": "goosefuncs",
  "version": "2.2.0",
  "lockfileVersion": 3,
  "requires": true,
  "packages": {
    "": {
      "name": "goosefuncs",
      "version": "2.2.0",
      "license": "ISC",
      "dependencies": {
        "goosefuncs": "^4.0.0"
      }
    },
    "node_modules/goosefuncs": {
      "version": "4.0.0",
      "resolved": "https://registry.npmjs.org/goosefuncs/-/goosefuncs-4.0.0.tgz",
      "integrity": "sha512-fLa+Zk1EclLJwfOxu/LlYPez4o5Z8uqTFnKTpqjQfhjNCqcNGdxZectgCXZZBk3jCAEukpGrdwx/1B8EAefsPA=="
    }
  }
}
